{
  "name": "heya-unify",
  "version": "0.2.6",
  "lockfileVersion": 1,
  "requires": true,
  "dependencies": {
    "heya-ice": {
      "version": "0.1.11",
      "resolved": "https://registry.npmjs.org/heya-ice/-/heya-ice-0.1.11.tgz",
      "integrity": "sha1-XW2lnGC1nHAjqDRw+26XcddwWEk="
    }
  }
}
